
Microsoft Visual Studio Solution File, Format Version 12.00
# Visual Studio Version 17
VisualStudioVersion = 17.4.33205.214
MinimumVisualStudioVersion = 10.0.40219.1
Project("{9A19103F-16F7-4668-BE54-9A1E7A4F7556}") = "Bloggie.Web", "Bloggie.Web\Bloggie.Web.csproj", "{BC40396A-E7EE-455D-A73A-0719D46DC36E}"
EndProject
Global
	GlobalSection(SolutionConfigurationPlatforms) = preSolution
		Debug|Any CPU = Debug|Any CPU
		Release|Any CPU = Release|Any CPU
	EndGlobalSection
	GlobalSection(ProjectConfigurationPlatforms) = postSolution
		{BC40396A-E7EE-455D-A73A-0719D46DC36E}.Debug|Any CPU.ActiveCfg = Debug|Any CPU
		{BC40396A-E7EE-455D-A73A-0719D46DC36E}.Debug|Any CPU.Build.0 = Debug|Any CPU
		{BC40396A-E7EE-455D-A73A-0719D46DC36E}.Release|Any CPU.ActiveCfg = Release|Any CPU
		{BC40396A-E7EE-455D-A73A-0719D46DC36E}.Release|Any CPU.Build.0 = Release|Any CPU
	EndGlobalSection
	GlobalSection(SolutionProperties) = preSolution
		HideSolutionNode = FALSE
	EndGlobalSection
	GlobalSection(ExtensibilityGlobals) = postSolution
		SolutionGuid = {6DEDFC12-75AA-449B-9055-DF44833D5415}
	EndGlobalSection
EndGlobal
